{
  "name": "example-linking-contracts",
  "version": "1.0.0",
  "lockfileVersion": 1,
  "requires": true,
  "dependencies": {
    "openzeppelin-eth": {
      "version": "2.2.0",
      "resolved": "https://registry.npmjs.org/openzeppelin-eth/-/openzeppelin-eth-2.2.0.tgz",
      "integrity": "sha512-q0lpl2oaY60sg1qFF74Ed/fQBf450tvpCxz1f9C+V+KHDg+EAlCf7umPrXOvI77fda3FTWuVFS0bXQp+8VA4xA=="
    }
  }
}
